
Microsoft Visual Studio Solution File, Format Version 12.00
# Visual Studio Version 17
Project("{8BC9CEB8-8B4A-11D0-8D11-00A0C91BC942}") = "ALL_BUILD", "ALL_BUILD.vcxproj", "{A3D68EC6-4E0E-354F-9AE1-407FD53C23F4}"
	ProjectSection(ProjectDependencies) = postProject
		{06EB42BC-CE64-3B9C-A256-CA65EA1B41E2} = {06EB42BC-CE64-3B9C-A256-CA65EA1B41E2}
		{0E8928AF-8B48-35CA-9360-5800CB23DD5D} = {0E8928AF-8B48-35CA-9360-5800CB23DD5D}
	EndProjectSection
EndProject
Project("{8BC9CEB8-8B4A-11D0-8D11-00A0C91BC942}") = "ZERO_CHECK", "ZERO_CHECK.vcxproj", "{06EB42BC-CE64-3B9C-A256-CA65EA1B41E2}"
	ProjectSection(ProjectDependencies) = postProject
	EndProjectSection
EndProject
Project("{8BC9CEB8-8B4A-11D0-8D11-00A0C91BC942}") = "camera_worker", "camera_worker.vcxproj", "{0E8928AF-8B48-35CA-9360-5800CB23DD5D}"
	ProjectSection(ProjectDependencies) = postProject
		{06EB42BC-CE64-3B9C-A256-CA65EA1B41E2} = {06EB42BC-CE64-3B9C-A256-CA65EA1B41E2}
	EndProjectSection
EndProject
Global
	GlobalSection(SolutionConfigurationPlatforms) = preSolution
		Debug|x64 = Debug|x64
		Release|x64 = Release|x64
		MinSizeRel|x64 = MinSizeRel|x64
		RelWithDebInfo|x64 = RelWithDebInfo|x64
	EndGlobalSection
	GlobalSection(ProjectConfigurationPlatforms) = postSolution
		{A3D68EC6-4E0E-354F-9AE1-407FD53C23F4}.Debug|x64.ActiveCfg = Debug|x64
		{A3D68EC6-4E0E-354F-9AE1-407FD53C23F4}.Release|x64.ActiveCfg = Release|x64
		{A3D68EC6-4E0E-354F-9AE1-407FD53C23F4}.MinSizeRel|x64.ActiveCfg = MinSizeRel|x64
		{A3D68EC6-4E0E-354F-9AE1-407FD53C23F4}.RelWithDebInfo|x64.ActiveCfg = RelWithDebInfo|x64
		{06EB42BC-CE64-3B9C-A256-CA65EA1B41E2}.Debug|x64.ActiveCfg = Debug|x64
		{06EB42BC-CE64-3B9C-A256-CA65EA1B41E2}.Debug|x64.Build.0 = Debug|x64
		{06EB42BC-CE64-3B9C-A256-CA65EA1B41E2}.Release|x64.ActiveCfg = Release|x64
		{06EB42BC-CE64-3B9C-A256-CA65EA1B41E2}.Release|x64.Build.0 = Release|x64
		{06EB42BC-CE64-3B9C-A256-CA65EA1B41E2}.MinSizeRel|x64.ActiveCfg = MinSizeRel|x64
		{06EB42BC-CE64-3B9C-A256-CA65EA1B41E2}.MinSizeRel|x64.Build.0 = MinSizeRel|x64
		{06EB42BC-CE64-3B9C-A256-CA65EA1B41E2}.RelWithDebInfo|x64.ActiveCfg = RelWithDebInfo|x64
		{06EB42BC-CE64-3B9C-A256-CA65EA1B41E2}.RelWithDebInfo|x64.Build.0 = RelWithDebInfo|x64
		{0E8928AF-8B48-35CA-9360-5800CB23DD5D}.Debug|x64.ActiveCfg = Debug|x64
		{0E8928AF-8B48-35CA-9360-5800CB23DD5D}.Debug|x64.Build.0 = Debug|x64
		{0E8928AF-8B48-35CA-9360-5800CB23DD5D}.Release|x64.ActiveCfg = Release|x64
		{0E8928AF-8B48-35CA-9360-5800CB23DD5D}.Release|x64.Build.0 = Release|x64
		{0E8928AF-8B48-35CA-9360-5800CB23DD5D}.MinSizeRel|x64.ActiveCfg = MinSizeRel|x64
		{0E8928AF-8B48-35CA-9360-5800CB23DD5D}.MinSizeRel|x64.Build.0 = MinSizeRel|x64
		{0E8928AF-8B48-35CA-9360-5800CB23DD5D}.RelWithDebInfo|x64.ActiveCfg = RelWithDebInfo|x64
		{0E8928AF-8B48-35CA-9360-5800CB23DD5D}.RelWithDebInfo|x64.Build.0 = RelWithDebInfo|x64
	EndGlobalSection
	GlobalSection(ExtensibilityGlobals) = postSolution
		SolutionGuid = {CC3CFDFB-D1BF-3F14-A8D9-DE7018C04B88}
	EndGlobalSection
	GlobalSection(ExtensibilityAddIns) = postSolution
	EndGlobalSection
EndGlobal
