<?xml version="1.0" encoding="utf-8"?>
<Project ToolsVersion="17.0" xmlns="http://schemas.microsoft.com/developer/msbuild/2003">
  <ItemGroup>
    <CustomBuild Include="D:\visionGay\defect-detector-v3\camera-worker\build-mvs\CMakeFiles\3498af16e2d8856e25a42ceee0cb9a64\generate.stamp.rule">
      <Filter>CMake Rules</Filter>
    </CustomBuild>
  </ItemGroup>
  <ItemGroup>
    <Filter Include="CMake Rules">
      <UniqueIdentifier>{195E94AB-117E-3C99-A0D6-142DEDAA55E2}</UniqueIdentifier>
    </Filter>
  </ItemGroup>
</Project>
